
Microsoft Visual Studio Solution File, Format Version 12.00
# Visual Studio Version 17
VisualStudioVersion = 17.13.35825.156 d17.13
MinimumVisualStudioVersion = 10.0.40219.1
Project("{FAE04EC0-301F-11D3-BF4B-00C04F79EFBC}") = "Proje ödevi", "Proje ödevi.csproj", "{AE56533C-62F5-4BA5-88D4-D80E39745AA4}"
EndProject
Global
	GlobalSection(SolutionConfigurationPlatforms) = preSolution
		Debug|Any CPU = Debug|Any CPU
		Release|Any CPU = Release|Any CPU
	EndGlobalSection
	GlobalSection(ProjectConfigurationPlatforms) = postSolution
		{AE56533C-62F5-4BA5-88D4-D80E39745AA4}.Debug|Any CPU.ActiveCfg = Debug|Any CPU
		{AE56533C-62F5-4BA5-88D4-D80E39745AA4}.Debug|Any CPU.Build.0 = Debug|Any CPU
		{AE56533C-62F5-4BA5-88D4-D80E39745AA4}.Release|Any CPU.ActiveCfg = Release|Any CPU
		{AE56533C-62F5-4BA5-88D4-D80E39745AA4}.Release|Any CPU.Build.0 = Release|Any CPU
	EndGlobalSection
	GlobalSection(SolutionProperties) = preSolution
		HideSolutionNode = FALSE
	EndGlobalSection
	GlobalSection(ExtensibilityGlobals) = postSolution
		SolutionGuid = {545C8EEB-3E6D-4433-9555-6A6DC1BEB529}
	EndGlobalSection
EndGlobal
